// !$*UTF8*$!
{
	archiveVersion = 1;
	classes = {
	};
	objectVersion = 46;
	objects = {

/* Begin PBXBuildFile section */
		6610AA6E1DAF10F000D70F4C /* WebsiteVC.swift in Sources */ = {isa = PBXBuildFile; fileRef = 6610AA6D1DAF10F000D70F4C /* WebsiteVC.swift */; };
		6613366E1DB9DA4300C8A1A4 /* GoogleService-Info.plist in Resources */ = {isa = PBXBuildFile; fileRef = 6613366D1DB9DA4300C8A1A4 /* GoogleService-Info.plist */; };
		663012511D94FE5F003ABD58 /* AppDelegate.swift in Sources */ = {isa = PBXBuildFile; fileRef = 663012501D94FE5F003ABD58 /* AppDelegate.swift */; };
		663012531D94FE5F003ABD58 /* MainVC.swift in Sources */ = {isa = PBXBuildFile; fileRef = 663012521D94FE5F003ABD58 /* MainVC.swift */; };
		663012561D94FE5F003ABD58 /* Main.storyboard in Resources */ = {isa = PBXBuildFile; fileRef = 663012541D94FE5F003ABD58 /* Main.storyboard */; };
		663012581D94FE5F003ABD58 /* Assets.xcassets in Resources */ = {isa = PBXBuildFile; fileRef = 663012571D94FE5F003ABD58 /* Assets.xcassets */; };
		6630125B1D94FE5F003ABD58 /* LaunchScreen.storyboard in Resources */ = {isa = PBXBuildFile; fileRef = 663012591D94FE5F003ABD58 /* LaunchScreen.storyboard */; };
		663012661D94FE5F003ABD58 /* hassanAPPTests.swift in Sources */ = {isa = PBXBuildFile; fileRef = 663012651D94FE5F003ABD58 /* hassanAPPTests.swift */; };
		663012711D94FE5F003ABD58 /* hassanAPPUITests.swift in Sources */ = {isa = PBXBuildFile; fileRef = 663012701D94FE5F003ABD58 /* hassanAPPUITests.swift */; };
		663012821D9B79B9003ABD58 /* VideoVC.swift in Sources */ = {isa = PBXBuildFile; fileRef = 663012811D9B79B9003ABD58 /* VideoVC.swift */; };
		663012841D9B7A99003ABD58 /* VideoCell.swift in Sources */ = {isa = PBXBuildFile; fileRef = 663012831D9B7A99003ABD58 /* VideoCell.swift */; };
		663012861D9B7E9E003ABD58 /* aboutVC.swift in Sources */ = {isa = PBXBuildFile; fileRef = 663012851D9B7E9E003ABD58 /* aboutVC.swift */; };
		663012881D9CDC16003ABD58 /* youtubeVideos.swift in Sources */ = {isa = PBXBuildFile; fileRef = 663012871D9CDC16003ABD58 /* youtubeVideos.swift */; };
		6630128A1D9CFBF7003ABD58 /* webViewVideos.swift in Sources */ = {isa = PBXBuildFile; fileRef = 663012891D9CFBF7003ABD58 /* webViewVideos.swift */; };
		6630128C1D9D079C003ABD58 /* FacebookVC.swift in Sources */ = {isa = PBXBuildFile; fileRef = 6630128B1D9D079C003ABD58 /* FacebookVC.swift */; };
		6630128E1D9D07B2003ABD58 /* InstagramVC.swift in Sources */ = {isa = PBXBuildFile; fileRef = 6630128D1D9D07B2003ABD58 /* InstagramVC.swift */; };
		663012901D9D07BF003ABD58 /* TwitterVC.swift in Sources */ = {isa = PBXBuildFile; fileRef = 6630128F1D9D07BF003ABD58 /* TwitterVC.swift */; };
		663012921D9F9927003ABD58 /* SignUpVC.swift in Sources */ = {isa = PBXBuildFile; fileRef = 663012911D9F9927003ABD58 /* SignUpVC.swift */; };
		66DE69471DC9A1CF004120D4 /* SignUpAuthVC.swift in Sources */ = {isa = PBXBuildFile; fileRef = 66DE69461DC9A1CF004120D4 /* SignUpAuthVC.swift */; };
		8474EF5835A3E34BEA30F64A /* Pods_hassanAPPTests.framework in Frameworks */ = {isa = PBXBuildFile; fileRef = 7A738F981CB20F4CCDC7DCA8 /* Pods_hassanAPPTests.framework */; };
		D57F784AA14E69E3FD03B81E /* Pods_hassanAPPUITests.framework in Frameworks */ = {isa = PBXBuildFile; fileRef = 3315FE57EDD7C39539443F55 /* Pods_hassanAPPUITests.framework */; };
		E9AFB4CBED4A10AFE3DD95A3 /* Pods_hassanAPP.framework in Frameworks */ = {isa = PBXBuildFile; fileRef = E6171972A93BFB4561735D33 /* Pods_hassanAPP.framework */; };
/* End PBXBuildFile section */

/* Begin PBXContainerItemProxy section */
		663012621D94FE5F003ABD58 /* PBXContainerItemProxy */ = {
			isa = PBXContainerItemProxy;
			containerPortal = 663012451D94FE5F003ABD58 /* Project object */;
			proxyType = 1;
			remoteGlobalIDString = 6630124C1D94FE5F003ABD58;
			remoteInfo = hassanAPP;
		};
		6630126D1D94FE5F003ABD58 /* PBXContainerItemProxy */ = {
			isa = PBXContainerItemProxy;
			containerPortal = 663012451D94FE5F003ABD58 /* Project object */;
			proxyType = 1;
			remoteGlobalIDString = 6630124C1D94FE5F003ABD58;
			remoteInfo = hassanAPP;
		};
/* End PBXContainerItemProxy section */

/* Begin PBXFileReference section */
		1CEECAB564C29686FBA4E781 /* Pods-hassanAPPUITests.release.xcconfig */ = {isa = PBXFileReference; includeInIndex = 1; lastKnownFileType = text.xcconfig; name = "Pods-hassanAPPUITests.release.xcconfig"; path = "Pods/Target Support Files/Pods-hassanAPPUITests/Pods-hassanAPPUITests.release.xcconfig"; sourceTree = "<group>"; };
		2FF68BE831A87A3979C8D987 /* Pods-hassanAPP.release.xcconfig */ = {isa = PBXFileReference; includeInIndex = 1; lastKnownFileType = text.xcconfig; name = "Pods-hassanAPP.release.xcconfig"; path = "Pods/Target Support Files/Pods-hassanAPP/Pods-hassanAPP.release.xcconfig"; sourceTree = "<group>"; };
		3315FE57EDD7C39539443F55 /* Pods_hassanAPPUITests.framework */ = {isa = PBXFileReference; explicitFileType = wrapper.framework; includeInIndex = 0; path = Pods_hassanAPPUITests.framework; sourceTree = BUILT_PRODUCTS_DIR; };
		6610AA6D1DAF10F000D70F4C /* WebsiteVC.swift */ = {isa = PBXFileReference; fileEncoding = 4; lastKnownFileType = sourcecode.swift; path = WebsiteVC.swift; sourceTree = "<group>"; };
		6613366D1DB9DA4300C8A1A4 /* GoogleService-Info.plist */ = {isa = PBXFileReference; fileEncoding = 4; lastKnownFileType = text.plist.xml; path = "GoogleService-Info.plist"; sourceTree = "<group>"; };
		6613366F1DB9DD5700C8A1A4 /* hassanAPP.entitlements */ = {isa = PBXFileReference; lastKnownFileType = text.plist.entitlements; path = hassanAPP.entitlements; sourceTree = "<group>"; };
		6630124D1D94FE5F003ABD58 /* hassanAPP.app */ = {isa = PBXFileReference; explicitFileType = wrapper.application; includeInIndex = 0; path = hassanAPP.app; sourceTree = BUILT_PRODUCTS_DIR; };
		663012501D94FE5F003ABD58 /* AppDelegate.swift */ = {isa = PBXFileReference; lastKnownFileType = sourcecode.swift; path = AppDelegate.swift; sourceTree = "<group>"; };
		663012521D94FE5F003ABD58 /* MainVC.swift */ = {isa = PBXFileReference; lastKnownFileType = sourcecode.swift; path = MainVC.swift; sourceTree = "<group>"; };
		663012551D94FE5F003ABD58 /* Base */ = {isa = PBXFileReference; lastKnownFileType = file.storyboard; name = Base; path = Base.lproj/Main.storyboard; sourceTree = "<group>"; };
		663012571D94FE5F003ABD58 /* Assets.xcassets */ = {isa = PBXFileReference; lastKnownFileType = folder.assetcatalog; path = Assets.xcassets; sourceTree = "<group>"; };
		6630125A1D94FE5F003ABD58 /* Base */ = {isa = PBXFileReference; lastKnownFileType = file.storyboard; name = Base; path = Base.lproj/LaunchScreen.storyboard; sourceTree = "<group>"; };
		6630125C1D94FE5F003ABD58 /* Info.plist */ = {isa = PBXFileReference; lastKnownFileType = text.plist.xml; path = Info.plist; sourceTree = "<group>"; };
		663012611D94FE5F003ABD58 /* hassanAPPTests.xctest */ = {isa = PBXFileReference; explicitFileType = wrapper.cfbundle; includeInIndex = 0; path = hassanAPPTests.xctest; sourceTree = BUILT_PRODUCTS_DIR; };
		663012651D94FE5F003ABD58 /* hassanAPPTests.swift */ = {isa = PBXFileReference; lastKnownFileType = sourcecode.swift; path = hassanAPPTests.swift; sourceTree = "<group>"; };
		663012671D94FE5F003ABD58 /* Info.plist */ = {isa = PBXFileReference; lastKnownFileType = text.plist.xml; path = Info.plist; sourceTree = "<group>"; };
		6630126C1D94FE5F003ABD58 /* hassanAPPUITests.xctest */ = {isa = PBXFileReference; explicitFileType = wrapper.cfbundle; includeInIndex = 0; path = hassanAPPUITests.xctest; sourceTree = BUILT_PRODUCTS_DIR; };
		663012701D94FE5F003ABD58 /* hassanAPPUITests.swift */ = {isa = PBXFileReference; lastKnownFileType = sourcecode.swift; path = hassanAPPUITests.swift; sourceTree = "<group>"; };
		663012721D94FE5F003ABD58 /* Info.plist */ = {isa = PBXFileReference; lastKnownFileType = text.plist.xml; path = Info.plist; sourceTree = "<group>"; };
		663012811D9B79B9003ABD58 /* VideoVC.swift */ = {isa = PBXFileReference; fileEncoding = 4; lastKnownFileType = sourcecode.swift; path = VideoVC.swift; sourceTree = "<group>"; };
		663012831D9B7A99003ABD58 /* VideoCell.swift */ = {isa = PBXFileReference; fileEncoding = 4; lastKnownFileType = sourcecode.swift; path = VideoCell.swift; sourceTree = "<group>"; };
		663012851D9B7E9E003ABD58 /* aboutVC.swift */ = {isa = PBXFileReference; fileEncoding = 4; lastKnownFileType = sourcecode.swift; path = aboutVC.swift; sourceTree = "<group>"; };
		663012871D9CDC16003ABD58 /* youtubeVideos.swift */ = {isa = PBXFileReference; fileEncoding = 4; lastKnownFileType = sourcecode.swift; path = youtubeVideos.swift; sourceTree = "<group>"; };
		663012891D9CFBF7003ABD58 /* webViewVideos.swift */ = {isa = PBXFileReference; fileEncoding = 4; lastKnownFileType = sourcecode.swift; path = webViewVideos.swift; sourceTree = "<group>"; };
		6630128B1D9D079C003ABD58 /* FacebookVC.swift */ = {isa = PBXFileReference; fileEncoding = 4; lastKnownFileType = sourcecode.swift; path = FacebookVC.swift; sourceTree = "<group>"; };
		6630128D1D9D07B2003ABD58 /* InstagramVC.swift */ = {isa = PBXFileReference; fileEncoding = 4; lastKnownFileType = sourcecode.swift; path = InstagramVC.swift; sourceTree = "<group>"; };
		6630128F1D9D07BF003ABD58 /* TwitterVC.swift */ = {isa = PBXFileReference; fileEncoding = 4; lastKnownFileType = sourcecode.swift; path = TwitterVC.swift; sourceTree = "<group>"; };
		663012911D9F9927003ABD58 /* SignUpVC.swift */ = {isa = PBXFileReference; fileEncoding = 4; lastKnownFileType = sourcecode.swift; path = SignUpVC.swift; sourceTree = "<group>"; };
		66DE69461DC9A1CF004120D4 /* SignUpAuthVC.swift */ = {isa = PBXFileReference; fileEncoding = 4; lastKnownFileType = sourcecode.swift; path = SignUpAuthVC.swift; sourceTree = "<group>"; };
		7A738F981CB20F4CCDC7DCA8 /* Pods_hassanAPPTests.framework */ = {isa = PBXFileReference; explicitFileType = wrapper.framework; includeInIndex = 0; path = Pods_hassanAPPTests.framework; sourceTree = BUILT_PRODUCTS_DIR; };
		AFBE02BC5785BB008E99FB12 /* Pods-hassanAPPUITests.debug.xcconfig */ = {isa = PBXFileReference; includeInIndex = 1; lastKnownFileType = text.xcconfig; name = "Pods-hassanAPPUITests.debug.xcconfig"; path = "Pods/Target Support Files/Pods-hassanAPPUITests/Pods-hassanAPPUITests.debug.xcconfig"; sourceTree = "<group>"; };
		CC95486AD6953A344B8AC203 /* Pods-hassanAPPTests.release.xcconfig */ = {isa = PBXFileReference; includeInIndex = 1; lastKnownFileType = text.xcconfig; name = "Pods-hassanAPPTests.release.xcconfig"; path = "Pods/Target Support Files/Pods-hassanAPPTests/Pods-hassanAPPTests.release.xcconfig"; sourceTree = "<group>"; };
		E1D750BE7B917ACB5487B9CD /* Pods-hassanAPPTests.debug.xcconfig */ = {isa = PBXFileReference; includeInIndex = 1; lastKnownFileType = text.xcconfig; name = "Pods-hassanAPPTests.debug.xcconfig"; path = "Pods/Target Support Files/Pods-hassanAPPTests/Pods-hassanAPPTests.debug.xcconfig"; sourceTree = "<group>"; };
		E6171972A93BFB4561735D33 /* Pods_hassanAPP.framework */ = {isa = PBXFileReference; explicitFileType = wrapper.framework; includeInIndex = 0; path = Pods_hassanAPP.framework; sourceTree = BUILT_PRODUCTS_DIR; };
		FD88B86249B35ED3C6CEE465 /* Pods-hassanAPP.debug.xcconfig */ = {isa = PBXFileReference; includeInIndex = 1; lastKnownFileType = text.xcconfig; name = "Pods-hassanAPP.debug.xcconfig"; path = "Pods/Target Support Files/Pods-hassanAPP/Pods-hassanAPP.debug.xcconfig"; sourceTree = "<group>"; };
/* End PBXFileReference section */

/* Begin PBXFrameworksBuildPhase section */
		6630124A1D94FE5F003ABD58 /* Frameworks */ = {
			isa = PBXFrameworksBuildPhase;
			buildActionMask = 2147483647;
			files = (
				E9AFB4CBED4A10AFE3DD95A3 /* Pods_hassanAPP.framework in Frameworks */,
			);
			runOnlyForDeploymentPostprocessing = 0;
		};
		6630125E1D94FE5F003ABD58 /* Frameworks */ = {
			isa = PBXFrameworksBuildPhase;
			buildActionMask = 2147483647;
			files = (
				8474EF5835A3E34BEA30F64A /* Pods_hassanAPPTests.framework in Frameworks */,
			);
			runOnlyForDeploymentPostprocessing = 0;
		};
		663012691D94FE5F003ABD58 /* Frameworks */ = {
			isa = PBXFrameworksBuildPhase;
			buildActionMask = 2147483647;
			files = (
				D57F784AA14E69E3FD03B81E /* Pods_hassanAPPUITests.framework in Frameworks */,
			);
			runOnlyForDeploymentPostprocessing = 0;
		};
/* End PBXFrameworksBuildPhase section */

/* Begin PBXGroup section */
		660DB2C31DB70D9000423591 /* Protocol  */ = {
			isa = PBXGroup;
			children = (
			);
			name = "Protocol ";
			sourceTree = "<group>";
		};
		663012441D94FE5F003ABD58 = {
			isa = PBXGroup;
			children = (
				6630124F1D94FE5F003ABD58 /* hassanAPP */,
				663012641D94FE5F003ABD58 /* hassanAPPTests */,
				6630126F1D94FE5F003ABD58 /* hassanAPPUITests */,
				6630124E1D94FE5F003ABD58 /* Products */,
				725B51176D8FB33636B010B7 /* Pods */,
				BAA40F1472E9516FB0136FD0 /* Frameworks */,
			);
			sourceTree = "<group>";
		};
		6630124E1D94FE5F003ABD58 /* Products */ = {
			isa = PBXGroup;
			children = (
				6630124D1D94FE5F003ABD58 /* hassanAPP.app */,
				663012611D94FE5F003ABD58 /* hassanAPPTests.xctest */,
				6630126C1D94FE5F003ABD58 /* hassanAPPUITests.xctest */,
			);
			name = Products;
			sourceTree = "<group>";
		};
		6630124F1D94FE5F003ABD58 /* hassanAPP */ = {
			isa = PBXGroup;
			children = (
				6613366F1DB9DD5700C8A1A4 /* hassanAPP.entitlements */,
				6613366D1DB9DA4300C8A1A4 /* GoogleService-Info.plist */,
				660DB2C31DB70D9000423591 /* Protocol  */,
				663012801D9B798A003ABD58 /* Controller */,
				6630127F1D9B7985003ABD58 /* View */,
				6630127E1D9B797C003ABD58 /* Model */,
				663012501D94FE5F003ABD58 /* AppDelegate.swift */,
				663012541D94FE5F003ABD58 /* Main.storyboard */,
				663012571D94FE5F003ABD58 /* Assets.xcassets */,
				663012591D94FE5F003ABD58 /* LaunchScreen.storyboard */,
				6630125C1D94FE5F003ABD58 /* Info.plist */,
			);
			path = hassanAPP;
			sourceTree = "<group>";
		};
		663012641D94FE5F003ABD58 /* hassanAPPTests */ = {
			isa = PBXGroup;
			children = (
				663012651D94FE5F003ABD58 /* hassanAPPTests.swift */,
				663012671D94FE5F003ABD58 /* Info.plist */,
			);
			path = hassanAPPTests;
			sourceTree = "<group>";
		};
		6630126F1D94FE5F003ABD58 /* hassanAPPUITests */ = {
			isa = PBXGroup;
			children = (
				663012701D94FE5F003ABD58 /* hassanAPPUITests.swift */,
				663012721D94FE5F003ABD58 /* Info.plist */,
			);
			path = hassanAPPUITests;
			sourceTree = "<group>";
		};
		6630127E1D9B797C003ABD58 /* Model */ = {
			isa = PBXGroup;
			children = (
				663012871D9CDC16003ABD58 /* youtubeVideos.swift */,
			);
			name = Model;
			sourceTree = "<group>";
		};
		6630127F1D9B7985003ABD58 /* View */ = {
			isa = PBXGroup;
			children = (
				663012831D9B7A99003ABD58 /* VideoCell.swift */,
			);
			name = View;
			sourceTree = "<group>";
		};
		663012801D9B798A003ABD58 /* Controller */ = {
			isa = PBXGroup;
			children = (
				663012521D94FE5F003ABD58 /* MainVC.swift */,
				663012811D9B79B9003ABD58 /* VideoVC.swift */,
				663012851D9B7E9E003ABD58 /* aboutVC.swift */,
				663012891D9CFBF7003ABD58 /* webViewVideos.swift */,
				6630128B1D9D079C003ABD58 /* FacebookVC.swift */,
				6630128D1D9D07B2003ABD58 /* InstagramVC.swift */,
				6630128F1D9D07BF003ABD58 /* TwitterVC.swift */,
				663012911D9F9927003ABD58 /* SignUpVC.swift */,
				6610AA6D1DAF10F000D70F4C /* WebsiteVC.swift */,
				66DE69461DC9A1CF004120D4 /* SignUpAuthVC.swift */,
			);
			name = Controller;
			sourceTree = "<group>";
		};
		725B51176D8FB33636B010B7 /* Pods */ = {
			isa = PBXGroup;
			children = (
				FD88B86249B35ED3C6CEE465 /* Pods-hassanAPP.debug.xcconfig */,
				2FF68BE831A87A3979C8D987 /* Pods-hassanAPP.release.xcconfig */,
				E1D750BE7B917ACB5487B9CD /* Pods-hassanAPPTests.debug.xcconfig */,
				CC95486AD6953A344B8AC203 /* Pods-hassanAPPTests.release.xcconfig */,
				AFBE02BC5785BB008E99FB12 /* Pods-hassanAPPUITests.debug.xcconfig */,
				1CEECAB564C29686FBA4E781 /* Pods-hassanAPPUITests.release.xcconfig */,
			);
			name = Pods;
			sourceTree = "<group>";
		};
		BAA40F1472E9516FB0136FD0 /* Frameworks */ = {
			isa = PBXGroup;
			children = (
				E6171972A93BFB4561735D33 /* Pods_hassanAPP.framework */,
				7A738F981CB20F4CCDC7DCA8 /* Pods_hassanAPPTests.framework */,
				3315FE57EDD7C39539443F55 /* Pods_hassanAPPUITests.framework */,
			);
			name = Frameworks;
			sourceTree = "<group>";
		};
/* End PBXGroup section */

/* Begin PBXNativeTarget section */
		6630124C1D94FE5F003ABD58 /* hassanAPP */ = {
			isa = PBXNativeTarget;
			buildConfigurationList = 663012751D94FE5F003ABD58 /* Build configuration list for PBXNativeTarget "hassanAPP" */;
			buildPhases = (
				533E012EE12B9C2C0D95107D /* [CP] Check Pods Manifest.lock */,
				663012491D94FE5F003ABD58 /* Sources */,
				6630124A1D94FE5F003ABD58 /* Frameworks */,
				6630124B1D94FE5F003ABD58 /* Resources */,
				7C6B93E173F8DE9D0C9D7871 /* [CP] Embed Pods Frameworks */,
				1FDFBCA83F762D68D0070551 /* [CP] Copy Pods Resources */,
			);
			buildRules = (
			);
			dependencies = (
			);
			name = hassanAPP;
			productName = hassanAPP;
			productReference = 6630124D1D94FE5F003ABD58 /* hassanAPP.app */;
			productType = "com.apple.product-type.application";
		};
		663012601D94FE5F003ABD58 /* hassanAPPTests */ = {
			isa = PBXNativeTarget;
			buildConfigurationList = 663012781D94FE5F003ABD58 /* Build configuration list for PBXNativeTarget "hassanAPPTests" */;
			buildPhases = (
				948D9D233D0132F4F99DD063 /* [CP] Check Pods Manifest.lock */,
				6630125D1D94FE5F003ABD58 /* Sources */,
				6630125E1D94FE5F003ABD58 /* Frameworks */,
				6630125F1D94FE5F003ABD58 /* Resources */,
				50C4645F039CC848A66D8C74 /* [CP] Embed Pods Frameworks */,
				3E765DD1D923AEF07DD64087 /* [CP] Copy Pods Resources */,
			);
			buildRules = (
			);
			dependencies = (
				663012631D94FE5F003ABD58 /* PBXTargetDependency */,
			);
			name = hassanAPPTests;
			productName = hassanAPPTests;
			productReference = 663012611D94FE5F003ABD58 /* hassanAPPTests.xctest */;
			productType = "com.apple.product-type.bundle.unit-test";
		};
		6630126B1D94FE5F003ABD58 /* hassanAPPUITests */ = {
			isa = PBXNativeTarget;
			buildConfigurationList = 6630127B1D94FE5F003ABD58 /* Build configuration list for PBXNativeTarget "hassanAPPUITests" */;
			buildPhases = (
				66F49BCE96D96956203BE550 /* [CP] Check Pods Manifest.lock */,
				663012681D94FE5F003ABD58 /* Sources */,
				663012691D94FE5F003ABD58 /* Frameworks */,
				6630126A1D94FE5F003ABD58 /* Resources */,
				082B837A2A4F310C1A3B572D /* [CP] Embed Pods Frameworks */,
				95F6FCD393EC3DC4900F5C5C /* [CP] Copy Pods Resources */,
			);
			buildRules = (
			);
			dependencies = (
				6630126E1D94FE5F003ABD58 /* PBXTargetDependency */,
			);
			name = hassanAPPUITests;
			productName = hassanAPPUITests;
			productReference = 6630126C1D94FE5F003ABD58 /* hassanAPPUITests.xctest */;
			productType = "com.apple.product-type.bundle.ui-testing";
		};
/* End PBXNativeTarget section */

/* Begin PBXProject section */
		663012451D94FE5F003ABD58 /* Project object */ = {
			isa = PBXProject;
			attributes = {
				LastSwiftUpdateCheck = 0800;
				LastUpgradeCheck = 0800;
				ORGANIZATIONNAME = "Ambar Maqsood";
				TargetAttributes = {
					6630124C1D94FE5F003ABD58 = {
						CreatedOnToolsVersion = 8.0;
						DevelopmentTeam = 76MJW78B2W;
						ProvisioningStyle = Automatic;
						SystemCapabilities = {
							com.apple.Push = {
								enabled = 1;
							};
						};
					};
					663012601D94FE5F003ABD58 = {
						CreatedOnToolsVersion = 8.0;
						ProvisioningStyle = Automatic;
						TestTargetID = 6630124C1D94FE5F003ABD58;
					};
					6630126B1D94FE5F003ABD58 = {
						CreatedOnToolsVersion = 8.0;
						ProvisioningStyle = Automatic;
						TestTargetID = 6630124C1D94FE5F003ABD58;
					};
				};
			};
			buildConfigurationList = 663012481D94FE5F003ABD58 /* Build configuration list for PBXProject "hassanAPP" */;
			compatibilityVersion = "Xcode 3.2";
			developmentRegion = English;
			hasScannedForEncodings = 0;
			knownRegions = (
				en,
				Base,
			);
			mainGroup = 663012441D94FE5F003ABD58;
			productRefGroup = 6630124E1D94FE5F003ABD58 /* Products */;
			projectDirPath = "";
			projectRoot = "";
			targets = (
				6630124C1D94FE5F003ABD58 /* hassanAPP */,
				663012601D94FE5F003ABD58 /* hassanAPPTests */,
				6630126B1D94FE5F003ABD58 /* hassanAPPUITests */,
			);
		};
/* End PBXProject section */

/* Begin PBXResourcesBuildPhase section */
		6630124B1D94FE5F003ABD58 /* Resources */ = {
			isa = PBXResourcesBuildPhase;
			buildActionMask = 2147483647;
			files = (
				6630125B1D94FE5F003ABD58 /* LaunchScreen.storyboard in Resources */,
				663012581D94FE5F003ABD58 /* Assets.xcassets in Resources */,
				663012561D94FE5F003ABD58 /* Main.storyboard in Resources */,
				6613366E1DB9DA4300C8A1A4 /* GoogleService-Info.plist in Resources */,
			);
			runOnlyForDeploymentPostprocessing = 0;
		};
		6630125F1D94FE5F003ABD58 /* Resources */ = {
			isa = PBXResourcesBuildPhase;
			buildActionMask = 2147483647;
			files = (
			);
			runOnlyForDeploymentPostprocessing = 0;
		};
		6630126A1D94FE5F003ABD58 /* Resources */ = {
			isa = PBXResourcesBuildPhase;
			buildActionMask = 2147483647;
			files = (
			);
			runOnlyForDeploymentPostprocessing = 0;
		};
/* End PBXResourcesBuildPhase section */

/* Begin PBXShellScriptBuildPhase section */
		082B837A2A4F310C1A3B572D /* [CP] Embed Pods Frameworks */ = {
			isa = PBXShellScriptBuildPhase;
			buildActionMask = 2147483647;
			files = (
			);
			inputPaths = (
			);
			name = "[CP] Embed Pods Frameworks";
			outputPaths = (
			);
			runOnlyForDeploymentPostprocessing = 0;
			shellPath = /bin/sh;
			shellScript = "\"${SRCROOT}/Pods/Target Support Files/Pods-hassanAPPUITests/Pods-hassanAPPUITests-frameworks.sh\"\n";
			showEnvVarsInLog = 0;
		};
		1FDFBCA83F762D68D0070551 /* [CP] Copy Pods Resources */ = {
			isa = PBXShellScriptBuildPhase;
			buildActionMask = 2147483647;
			files = (
			);
			inputPaths = (
			);
			name = "[CP] Copy Pods Resources";
			outputPaths = (
			);
			runOnlyForDeploymentPostprocessing = 0;
			shellPath = /bin/sh;
			shellScript = "\"${SRCROOT}/Pods/Target Support Files/Pods-hassanAPP/Pods-hassanAPP-resources.sh\"\n";
			showEnvVarsInLog = 0;
		};
		3E765DD1D923AEF07DD64087 /* [CP] Copy Pods Resources */ = {
			isa = PBXShellScriptBuildPhase;
			buildActionMask = 2147483647;
			files = (
			);
			inputPaths = (
			);
			name = "[CP] Copy Pods Resources";
			outputPaths = (
			);
			runOnlyForDeploymentPostprocessing = 0;
			shellPath = /bin/sh;
			shellScript = "\"${SRCROOT}/Pods/Target Support Files/Pods-hassanAPPTests/Pods-hassanAPPTests-resources.sh\"\n";
			showEnvVarsInLog = 0;
		};
		50C4645F039CC848A66D8C74 /* [CP] Embed Pods Frameworks */ = {
			isa = PBXShellScriptBuildPhase;
			buildActionMask = 2147483647;
			files = (
			);
			inputPaths = (
			);
			name = "[CP] Embed Pods Frameworks";
			outputPaths = (
			);
			runOnlyForDeploymentPostprocessing = 0;
			shellPath = /bin/sh;
			shellScript = "\"${SRCROOT}/Pods/Target Support Files/Pods-hassanAPPTests/Pods-hassanAPPTests-frameworks.sh\"\n";
			showEnvVarsInLog = 0;
		};
		533E012EE12B9C2C0D95107D /* [CP] Check Pods Manifest.lock */ = {
			isa = PBXShellScriptBuildPhase;
			buildActionMask = 2147483647;
			files = (
			);
			inputPaths = (
			);
			name = "[CP] Check Pods Manifest.lock";
			outputPaths = (
			);
			runOnlyForDeploymentPostprocessing = 0;
			shellPath = /bin/sh;
			shellScript = "diff \"${PODS_ROOT}/../Podfile.lock\" \"${PODS_ROOT}/Manifest.lock\" > /dev/null\nif [ $? != 0 ] ; then\n    # print error to STDERR\n    echo \"error: The sandbox is not in sync with the Podfile.lock. Run 'pod install' or update your CocoaPods installation.\" >&2\n    exit 1\nfi\n";
			showEnvVarsInLog = 0;
		};
		66F49BCE96D96956203BE550 /* [CP] Check Pods Manifest.lock */ = {
			isa = PBXShellScriptBuildPhase;
			buildActionMask = 2147483647;
			files = (
			);
			inputPaths = (
			);
			name = "[CP] Check Pods Manifest.lock";
			outputPaths = (
			);
			runOnlyForDeploymentPostprocessing = 0;
			shellPath = /bin/sh;
			shellScript = "diff \"${PODS_ROOT}/../Podfile.lock\" \"${PODS_ROOT}/Manifest.lock\" > /dev/null\nif [ $? != 0 ] ; then\n    # print error to STDERR\n    echo \"error: The sandbox is not in sync with the Podfile.lock. Run 'pod install' or update your CocoaPods installation.\" >&2\n    exit 1\nfi\n";
			showEnvVarsInLog = 0;
		};
		7C6B93E173F8DE9D0C9D7871 /* [CP] Embed Pods Frameworks */ = {
			isa = PBXShellScriptBuildPhase;
			buildActionMask = 2147483647;
			files = (
			);
			inputPaths = (
			);
			name = "[CP] Embed Pods Frameworks";
			outputPaths = (
			);
			runOnlyForDeploymentPostprocessing = 0;
			shellPath = /bin/sh;
			shellScript = "\"${SRCROOT}/Pods/Target Support Files/Pods-hassanAPP/Pods-hassanAPP-frameworks.sh\"\n";
			showEnvVarsInLog = 0;
		};
		948D9D233D0132F4F99DD063 /* [CP] Check Pods Manifest.lock */ = {
			isa = PBXShellScriptBuildPhase;
			buildActionMask = 2147483647;
			files = (
			);
			inputPaths = (
			);
			name = "[CP] Check Pods Manifest.lock";
			outputPaths = (
			);
			runOnlyForDeploymentPostprocessing = 0;
			shellPath = /bin/sh;
			shellScript = "diff \"${PODS_ROOT}/../Podfile.lock\" \"${PODS_ROOT}/Manifest.lock\" > /dev/null\nif [ $? != 0 ] ; then\n    # print error to STDERR\n    echo \"error: The sandbox is not in sync with the Podfile.lock. Run 'pod install' or update your CocoaPods installation.\" >&2\n    exit 1\nfi\n";
			showEnvVarsInLog = 0;
		};
		95F6FCD393EC3DC4900F5C5C /* [CP] Copy Pods Resources */ = {
			isa = PBXShellScriptBuildPhase;
			buildActionMask = 2147483647;
			files = (
			);
			inputPaths = (
			);
			name = "[CP] Copy Pods Resources";
			outputPaths = (
			);
			runOnlyForDeploymentPostprocessing = 0;
			shellPath = /bin/sh;
			shellScript = "\"${SRCROOT}/Pods/Target Support Files/Pods-hassanAPPUITests/Pods-hassanAPPUITests-resources.sh\"\n";
			showEnvVarsInLog = 0;
		};
/* End PBXShellScriptBuildPhase section */

/* Begin PBXSourcesBuildPhase section */
		663012491D94FE5F003ABD58 /* Sources */ = {
			isa = PBXSourcesBuildPhase;
			buildActionMask = 2147483647;
			files = (
				663012901D9D07BF003ABD58 /* TwitterVC.swift in Sources */,
				663012821D9B79B9003ABD58 /* VideoVC.swift in Sources */,
				66DE69471DC9A1CF004120D4 /* SignUpAuthVC.swift in Sources */,
				6610AA6E1DAF10F000D70F4C /* WebsiteVC.swift in Sources */,
				663012841D9B7A99003ABD58 /* VideoCell.swift in Sources */,
				663012921D9F9927003ABD58 /* SignUpVC.swift in Sources */,
				663012531D94FE5F003ABD58 /* MainVC.swift in Sources */,
				663012861D9B7E9E003ABD58 /* aboutVC.swift in Sources */,
				663012511D94FE5F003ABD58 /* AppDelegate.swift in Sources */,
				6630128A1D9CFBF7003ABD58 /* webViewVideos.swift in Sources */,
				6630128C1D9D079C003ABD58 /* FacebookVC.swift in Sources */,
				6630128E1D9D07B2003ABD58 /* InstagramVC.swift in Sources */,
				663012881D9CDC16003ABD58 /* youtubeVideos.swift in Sources */,
			);
			runOnlyForDeploymentPostprocessing = 0;
		};
		6630125D1D94FE5F003ABD58 /* Sources */ = {
			isa = PBXSourcesBuildPhase;
			buildActionMask = 2147483647;
			files = (
				663012661D94FE5F003ABD58 /* hassanAPPTests.swift in Sources */,
			);
			runOnlyForDeploymentPostprocessing = 0;
		};
		663012681D94FE5F003ABD58 /* Sources */ = {
			isa = PBXSourcesBuildPhase;
			buildActionMask = 2147483647;
			files = (
				663012711D94FE5F003ABD58 /* hassanAPPUITests.swift in Sources */,
			);
			runOnlyForDeploymentPostprocessing = 0;
		};
/* End PBXSourcesBuildPhase section */

/* Begin PBXTargetDependency section */
		663012631D94FE5F003ABD58 /* PBXTargetDependency */ = {
			isa = PBXTargetDependency;
			target = 6630124C1D94FE5F003ABD58 /* hassanAPP */;
			targetProxy = 663012621D94FE5F003ABD58 /* PBXContainerItemProxy */;
		};
		6630126E1D94FE5F003ABD58 /* PBXTargetDependency */ = {
			isa = PBXTargetDependency;
			target = 6630124C1D94FE5F003ABD58 /* hassanAPP */;
			targetProxy = 6630126D1D94FE5F003ABD58 /* PBXContainerItemProxy */;
		};
/* End PBXTargetDependency section */

/* Begin PBXVariantGroup section */
		663012541D94FE5F003ABD58 /* Main.storyboard */ = {
			isa = PBXVariantGroup;
			children = (
				663012551D94FE5F003ABD58 /* Base */,
			);
			name = Main.storyboard;
			sourceTree = "<group>";
		};
		663012591D94FE5F003ABD58 /* LaunchScreen.storyboard */ = {
			isa = PBXVariantGroup;
			children = (
				6630125A1D94FE5F003ABD58 /* Base */,
			);
			name = LaunchScreen.storyboard;
			sourceTree = "<group>";
		};
/* End PBXVariantGroup section */

/* Begin XCBuildConfiguration section */
		663012731D94FE5F003ABD58 /* Debug */ = {
			isa = XCBuildConfiguration;
			buildSettings = {
				ALWAYS_SEARCH_USER_PATHS = NO;
				CLANG_ANALYZER_NONNULL = YES;
				CLANG_CXX_LANGUAGE_STANDARD = "gnu++0x";
				CLANG_CXX_LIBRARY = "libc++";
				CLANG_ENABLE_MODULES = YES;
				CLANG_ENABLE_OBJC_ARC = YES;
				CLANG_WARN_BOOL_CONVERSION = YES;
				CLANG_WARN_CONSTANT_CONVERSION = YES;
				CLANG_WARN_DIRECT_OBJC_ISA_USAGE = YES_ERROR;
				CLANG_WARN_DOCUMENTATION_COMMENTS = YES;
				CLANG_WARN_EMPTY_BODY = YES;
				CLANG_WARN_ENUM_CONVERSION = YES;
				CLANG_WARN_INFINITE_RECURSION = YES;
				CLANG_WARN_INT_CONVERSION = YES;
				CLANG_WARN_OBJC_ROOT_CLASS = YES_ERROR;
				CLANG_WARN_SUSPICIOUS_MOVES = YES;
				CLANG_WARN_UNREACHABLE_CODE = YES;
				CLANG_WARN__DUPLICATE_METHOD_MATCH = YES;
				"CODE_SIGN_IDENTITY[sdk=iphoneos*]" = "iPhone Developer";
				COPY_PHASE_STRIP = NO;
				DEBUG_INFORMATION_FORMAT = dwarf;
				ENABLE_STRICT_OBJC_MSGSEND = YES;
				ENABLE_TESTABILITY = YES;
				GCC_C_LANGUAGE_STANDARD = gnu99;
				GCC_DYNAMIC_NO_PIC = NO;
				GCC_NO_COMMON_BLOCKS = YES;
				GCC_OPTIMIZATION_LEVEL = 0;
				GCC_PREPROCESSOR_DEFINITIONS = (
					"DEBUG=1",
					"$(inherited)",
				);
				GCC_WARN_64_TO_32_BIT_CONVERSION = YES;
				GCC_WARN_ABOUT_RETURN_TYPE = YES_ERROR;
				GCC_WARN_UNDECLARED_SELECTOR = YES;
				GCC_WARN_UNINITIALIZED_AUTOS = YES_AGGRESSIVE;
				GCC_WARN_UNUSED_FUNCTION = YES;
				GCC_WARN_UNUSED_VARIABLE = YES;
				IPHONEOS_DEPLOYMENT_TARGET = 10.0;
				MTL_ENABLE_DEBUG_INFO = YES;
				ONLY_ACTIVE_ARCH = YES;
				SDKROOT = iphoneos;
				SWIFT_ACTIVE_COMPILATION_CONDITIONS = DEBUG;
				SWIFT_OPTIMIZATION_LEVEL = "-Onone";
			};
			name = Debug;
		};
		663012741D94FE5F003ABD58 /* Release */ = {
			isa = XCBuildConfiguration;
			buildSettings = {
				ALWAYS_SEARCH_USER_PATHS = NO;
				CLANG_ANALYZER_NONNULL = YES;
				CLANG_CXX_LANGUAGE_STANDARD = "gnu++0x";
				CLANG_CXX_LIBRARY = "libc++";
				CLANG_ENABLE_MODULES = YES;
				CLANG_ENABLE_OBJC_ARC = YES;
				CLANG_WARN_BOOL_CONVERSION = YES;
				CLANG_WARN_CONSTANT_CONVERSION = YES;
				CLANG_WARN_DIRECT_OBJC_ISA_USAGE = YES_ERROR;
				CLANG_WARN_DOCUMENTATION_COMMENTS = YES;
				CLANG_WARN_EMPTY_BODY = YES;
				CLANG_WARN_ENUM_CONVERSION = YES;
				CLANG_WARN_INFINITE_RECURSION = YES;
				CLANG_WARN_INT_CONVERSION = YES;
				CLANG_WARN_OBJC_ROOT_CLASS = YES_ERROR;
				CLANG_WARN_SUSPICIOUS_MOVES = YES;
				CLANG_WARN_UNREACHABLE_CODE = YES;
				CLANG_WARN__DUPLICATE_METHOD_MATCH = YES;
				"CODE_SIGN_IDENTITY[sdk=iphoneos*]" = "iPhone Developer";
				COPY_PHASE_STRIP = NO;
				DEBUG_INFORMATION_FORMAT = "dwarf-with-dsym";
				ENABLE_NS_ASSERTIONS = NO;
				ENABLE_STRICT_OBJC_MSGSEND = YES;
				GCC_C_LANGUAGE_STANDARD = gnu99;
				GCC_NO_COMMON_BLOCKS = YES;
				GCC_WARN_64_TO_32_BIT_CONVERSION = YES;
				GCC_WARN_ABOUT_RETURN_TYPE = YES_ERROR;
				GCC_WARN_UNDECLARED_SELECTOR = YES;
				GCC_WARN_UNINITIALIZED_AUTOS = YES_AGGRESSIVE;
				GCC_WARN_UNUSED_FUNCTION = YES;
				GCC_WARN_UNUSED_VARIABLE = YES;
				IPHONEOS_DEPLOYMENT_TARGET = 10.0;
				MTL_ENABLE_DEBUG_INFO = NO;
				SDKROOT = iphoneos;
				SWIFT_OPTIMIZATION_LEVEL = "-Owholemodule";
				VALIDATE_PRODUCT = YES;
			};
			name = Release;
		};
		663012761D94FE5F003ABD58 /* Debug */ = {
			isa = XCBuildConfiguration;
			baseConfigurationReference = FD88B86249B35ED3C6CEE465 /* Pods-hassanAPP.debug.xcconfig */;
			buildSettings = {
				ASSETCATALOG_COMPILER_APPICON_NAME = AppIcon;
				CODE_SIGN_ENTITLEMENTS = hassanAPP/hassanAPP.entitlements;
				CODE_SIGN_IDENTITY = "iPhone Developer";
				"CODE_SIGN_IDENTITY[sdk=iphoneos*]" = "iPhone Developer";
				DEVELOPMENT_TEAM = 76MJW78B2W;
				INFOPLIST_FILE = hassanAPP/Info.plist;
				LD_RUNPATH_SEARCH_PATHS = "$(inherited) @executable_path/Frameworks";
				PRODUCT_BUNDLE_IDENTIFIER = com.alibaba.hassanAPP;
				PRODUCT_NAME = "$(TARGET_NAME)";
				PROVISIONING_PROFILE = "";
				PROVISIONING_PROFILE_SPECIFIER = "";
				SWIFT_VERSION = 3.0;
			};
			name = Debug;
		};
		663012771D94FE5F003ABD58 /* Release */ = {
			isa = XCBuildConfiguration;
			baseConfigurationReference = 2FF68BE831A87A3979C8D987 /* Pods-hassanAPP.release.xcconfig */;
			buildSettings = {
				ASSETCATALOG_COMPILER_APPICON_NAME = AppIcon;
				CODE_SIGN_ENTITLEMENTS = hassanAPP/hassanAPP.entitlements;
				CODE_SIGN_IDENTITY = "iPhone Distribution: Ali Maqsood (76MJW78B2W)";
				"CODE_SIGN_IDENTITY[sdk=iphoneos*]" = "iPhone Developer";
				DEVELOPMENT_TEAM = 76MJW78B2W;
				INFOPLIST_FILE = hassanAPP/Info.plist;
				LD_RUNPATH_SEARCH_PATHS = "$(inherited) @executable_path/Frameworks";
				PRODUCT_BUNDLE_IDENTIFIER = com.alibaba.hassanAPP;
				PRODUCT_NAME = "$(TARGET_NAME)";
				PROVISIONING_PROFILE = "";
				PROVISIONING_PROFILE_SPECIFIER = "";
				SWIFT_VERSION = 3.0;
			};
			name = Release;
		};
		663012791D94FE5F003ABD58 /* Debug */ = {
			isa = XCBuildConfiguration;
			baseConfigurationReference = E1D750BE7B917ACB5487B9CD /* Pods-hassanAPPTests.debug.xcconfig */;
			buildSettings = {
				ALWAYS_EMBED_SWIFT_STANDARD_LIBRARIES = YES;
				BUNDLE_LOADER = "$(TEST_HOST)";
				INFOPLIST_FILE = hassanAPPTests/Info.plist;
				LD_RUNPATH_SEARCH_PATHS = "$(inherited) @executable_path/Frameworks @loader_path/Frameworks";
				PRODUCT_BUNDLE_IDENTIFIER = com.alibaba.hassanAPPTests;
				PRODUCT_NAME = "$(TARGET_NAME)";
				SWIFT_VERSION = 3.0;
				TEST_HOST = "$(BUILT_PRODUCTS_DIR)/hassanAPP.app/hassanAPP";
			};
			name = Debug;
		};
		6630127A1D94FE5F003ABD58 /* Release */ = {
			isa = XCBuildConfiguration;
			baseConfigurationReference = CC95486AD6953A344B8AC203 /* Pods-hassanAPPTests.release.xcconfig */;
			buildSettings = {
				ALWAYS_EMBED_SWIFT_STANDARD_LIBRARIES = YES;
				BUNDLE_LOADER = "$(TEST_HOST)";
				INFOPLIST_FILE = hassanAPPTests/Info.plist;
				LD_RUNPATH_SEARCH_PATHS = "$(inherited) @executable_path/Frameworks @loader_path/Frameworks";
				PRODUCT_BUNDLE_IDENTIFIER = com.alibaba.hassanAPPTests;
				PRODUCT_NAME = "$(TARGET_NAME)";
				SWIFT_VERSION = 3.0;
				TEST_HOST = "$(BUILT_PRODUCTS_DIR)/hassanAPP.app/hassanAPP";
			};
			name = Release;
		};
		6630127C1D94FE5F003ABD58 /* Debug */ = {
			isa = XCBuildConfiguration;
			baseConfigurationReference = AFBE02BC5785BB008E99FB12 /* Pods-hassanAPPUITests.debug.xcconfig */;
			buildSettings = {
				ALWAYS_EMBED_SWIFT_STANDARD_LIBRARIES = YES;
				INFOPLIST_FILE = hassanAPPUITests/Info.plist;
				LD_RUNPATH_SEARCH_PATHS = "$(inherited) @executable_path/Frameworks @loader_path/Frameworks";
				PRODUCT_BUNDLE_IDENTIFIER = com.alibaba.hassanAPPUITests;
				PRODUCT_NAME = "$(TARGET_NAME)";
				SWIFT_VERSION = 3.0;
				TEST_TARGET_NAME = hassanAPP;
			};
			name = Debug;
		};
		6630127D1D94FE5F003ABD58 /* Release */ = {
			isa = XCBuildConfiguration;
			baseConfigurationReference = 1CEECAB564C29686FBA4E781 /* Pods-hassanAPPUITests.release.xcconfig */;
			buildSettings = {
				ALWAYS_EMBED_SWIFT_STANDARD_LIBRARIES = YES;
				INFOPLIST_FILE = hassanAPPUITests/Info.plist;
				LD_RUNPATH_SEARCH_PATHS = "$(inherited) @executable_path/Frameworks @loader_path/Frameworks";
				PRODUCT_BUNDLE_IDENTIFIER = com.alibaba.hassanAPPUITests;
				PRODUCT_NAME = "$(TARGET_NAME)";
				SWIFT_VERSION = 3.0;
				TEST_TARGET_NAME = hassanAPP;
			};
			name = Release;
		};
/* End XCBuildConfiguration section */

/* Begin XCConfigurationList section */
		663012481D94FE5F003ABD58 /* Build configuration list for PBXProject "hassanAPP" */ = {
			isa = XCConfigurationList;
			buildConfigurations = (
				663012731D94FE5F003ABD58 /* Debug */,
				663012741D94FE5F003ABD58 /* Release */,
			);
			defaultConfigurationIsVisible = 0;
			defaultConfigurationName = Release;
		};
		663012751D94FE5F003ABD58 /* Build configuration list for PBXNativeTarget "hassanAPP" */ = {
			isa = XCConfigurationList;
			buildConfigurations = (
				663012761D94FE5F003ABD58 /* Debug */,
				663012771D94FE5F003ABD58 /* Release */,
			);
			defaultConfigurationIsVisible = 0;
			defaultConfigurationName = Release;
		};
		663012781D94FE5F003ABD58 /* Build configuration list for PBXNativeTarget "hassanAPPTests" */ = {
			isa = XCConfigurationList;
			buildConfigurations = (
				663012791D94FE5F003ABD58 /* Debug */,
				6630127A1D94FE5F003ABD58 /* Release */,
			);
			defaultConfigurationIsVisible = 0;
			defaultConfigurationName = Release;
		};
		6630127B1D94FE5F003ABD58 /* Build configuration list for PBXNativeTarget "hassanAPPUITests" */ = {
			isa = XCConfigurationList;
			buildConfigurations = (
				6630127C1D94FE5F003ABD58 /* Debug */,
				6630127D1D94FE5F003ABD58 /* Release */,
			);
			defaultConfigurationIsVisible = 0;
			defaultConfigurationName = Release;
		};
/* End XCConfigurationList section */
	};
	rootObject = 663012451D94FE5F003ABD58 /* Project object */;
}
